{
  "nodes": {
    "nixpkgs": {
      "locked": {
        "lastModified": 1690361282,
        "narHash": "sha256-H4lXU+0u41YGKNsaMmhSfi+FDaLNORlGRwaiwq3hj8A=",
        "owner": "nixos",
        "repo": "nixpkgs",
        "rev": "7a1ec97a5a9813fe67742939e920650d58b1bbbe",
        "type": "github"
      },
      "original": {
        "owner": "nixos",
        "ref": "master",
        "repo": "nixpkgs",
        "type": "github"
      }
    },
    "root": {
      "inputs": {
        "nixpkgs": "nixpkgs"
      }
    }
  },
  "root": "root",
  "version": 7
}
